
Microsoft Visual Studio Solution File, Format Version 12.00
# Visual Studio Version 17
VisualStudioVersion = 17.4.33213.308
MinimumVisualStudioVersion = 10.0.40219.1
Project("{FAE04EC0-301F-11D3-BF4B-00C04F79EFBC}") = "Algorithms and Complexity Assesment 1", "Algorithms and Complexity Assesment 1\Algorithms and Complexity Assesment 1.csproj", "{3F3897B4-4574-4209-9F4B-2F171BCE5AEE}"
EndProject
Global
	GlobalSection(SolutionConfigurationPlatforms) = preSolution
		Debug|Any CPU = Debug|Any CPU
		Release|Any CPU = Release|Any CPU
	EndGlobalSection
	GlobalSection(ProjectConfigurationPlatforms) = postSolution
		{3F3897B4-4574-4209-9F4B-2F171BCE5AEE}.Debug|Any CPU.ActiveCfg = Debug|Any CPU
		{3F3897B4-4574-4209-9F4B-2F171BCE5AEE}.Debug|Any CPU.Build.0 = Debug|Any CPU
		{3F3897B4-4574-4209-9F4B-2F171BCE5AEE}.Release|Any CPU.ActiveCfg = Release|Any CPU
		{3F3897B4-4574-4209-9F4B-2F171BCE5AEE}.Release|Any CPU.Build.0 = Release|Any CPU
	EndGlobalSection
	GlobalSection(SolutionProperties) = preSolution
		HideSolutionNode = FALSE
	EndGlobalSection
	GlobalSection(ExtensibilityGlobals) = postSolution
		SolutionGuid = {6656F946-2F32-41D5-A964-5BD3F0351F1B}
	EndGlobalSection
EndGlobal
